
Microsoft Visual Studio Solution File, Format Version 12.00
# Visual Studio Version 16
VisualStudioVersion = 16.0.29728.190
MinimumVisualStudioVersion = 10.0.40219.1
Project("{FAE04EC0-301F-11D3-BF4B-00C04F79EFBC}") = "Microsoft.CampusCommunity.EventEngine.Api", "Microsoft.CampusCommunity.EventEngine.Api\Microsoft.CampusCommunity.EventEngine.Api.csproj", "{9B8F5C03-4495-40E2-8CDE-DBF368FE6663}"
EndProject
Global
	GlobalSection(SolutionConfigurationPlatforms) = preSolution
		Debug|Any CPU = Debug|Any CPU
		Release|Any CPU = Release|Any CPU
	EndGlobalSection
	GlobalSection(ProjectConfigurationPlatforms) = postSolution
		{9B8F5C03-4495-40E2-8CDE-DBF368FE6663}.Debug|Any CPU.ActiveCfg = Debug|Any CPU
		{9B8F5C03-4495-40E2-8CDE-DBF368FE6663}.Debug|Any CPU.Build.0 = Debug|Any CPU
		{9B8F5C03-4495-40E2-8CDE-DBF368FE6663}.Release|Any CPU.ActiveCfg = Release|Any CPU
		{9B8F5C03-4495-40E2-8CDE-DBF368FE6663}.Release|Any CPU.Build.0 = Release|Any CPU
	EndGlobalSection
	GlobalSection(SolutionProperties) = preSolution
		HideSolutionNode = FALSE
	EndGlobalSection
	GlobalSection(ExtensibilityGlobals) = postSolution
		SolutionGuid = {2B6B422A-76B7-4204-8123-CD4B58578C10}
	EndGlobalSection
EndGlobal
